
Microsoft Visual Studio Solution File, Format Version 12.00
# Visual Studio Version 17
VisualStudioVersion = 17.3.32901.215
MinimumVisualStudioVersion = 10.0.40219.1
Project("{FAE04EC0-301F-11D3-BF4B-00C04F79EFBC}") = "TodoList", "TodoList.csproj", "{7EE8FD13-C6CB-4AF2-BF42-09F9B53E792E}"
EndProject
Global
	GlobalSection(SolutionConfigurationPlatforms) = preSolution
		Debug|Any CPU = Debug|Any CPU
		Release|Any CPU = Release|Any CPU
	EndGlobalSection
	GlobalSection(ProjectConfigurationPlatforms) = postSolution
		{7EE8FD13-C6CB-4AF2-BF42-09F9B53E792E}.Debug|Any CPU.ActiveCfg = Debug|Any CPU
		{7EE8FD13-C6CB-4AF2-BF42-09F9B53E792E}.Debug|Any CPU.Build.0 = Debug|Any CPU
		{7EE8FD13-C6CB-4AF2-BF42-09F9B53E792E}.Release|Any CPU.ActiveCfg = Release|Any CPU
		{7EE8FD13-C6CB-4AF2-BF42-09F9B53E792E}.Release|Any CPU.Build.0 = Release|Any CPU
	EndGlobalSection
	GlobalSection(SolutionProperties) = preSolution
		HideSolutionNode = FALSE
	EndGlobalSection
	GlobalSection(ExtensibilityGlobals) = postSolution
		SolutionGuid = {8FF380D9-22F8-4455-8880-100C32FE2E7D}
	EndGlobalSection
EndGlobal
